// !$*UTF8*$!
{
	archiveVersion = 1;
	classes = {
	};
	objectVersion = 48;
	objects = {

/* Begin PBXBuildFile section */
		7553503B20083F3200208E34 /* Assets.xcassets in Resources */ = {isa = PBXBuildFile; fileRef = 7553503A20083F3200208E34 /* Assets.xcassets */; };
		7553504220083F3200208E34 /* Message Libs MessagesExtension.appex in Embed App Extensions */ = {isa = PBXBuildFile; fileRef = 7553504120083F3200208E34 /* Message Libs MessagesExtension.appex */; settings = {ATTRIBUTES = (RemoveHeadersOnCopy, ); }; };
		7553504720083F3200208E34 /* Messages.framework in Frameworks */ = {isa = PBXBuildFile; fileRef = 7553504620083F3200208E34 /* Messages.framework */; };
		7553504A20083F3200208E34 /* MessagesViewController.swift in Sources */ = {isa = PBXBuildFile; fileRef = 7553504920083F3200208E34 /* MessagesViewController.swift */; };
		7553504D20083F3200208E34 /* MainInterface.storyboard in Resources */ = {isa = PBXBuildFile; fileRef = 7553504B20083F3200208E34 /* MainInterface.storyboard */; };
		7553504F20083F3200208E34 /* Assets.xcassets in Resources */ = {isa = PBXBuildFile; fileRef = 7553504E20083F3200208E34 /* Assets.xcassets */; };
/* End PBXBuildFile section */

/* Begin PBXContainerItemProxy section */
		7553504320083F3200208E34 /* PBXContainerItemProxy */ = {
			isa = PBXContainerItemProxy;
			containerPortal = 7553503120083F3200208E34 /* Project object */;
			proxyType = 1;
			remoteGlobalIDString = 7553504020083F3200208E34;
			remoteInfo = "Message Libs MessagesExtension";
		};
/* End PBXContainerItemProxy section */

/* Begin PBXCopyFilesBuildPhase section */
		7553505620083F3200208E34 /* Embed App Extensions */ = {
			isa = PBXCopyFilesBuildPhase;
			buildActionMask = 2147483647;
			dstPath = "";
			dstSubfolderSpec = 13;
			files = (
				7553504220083F3200208E34 /* Message Libs MessagesExtension.appex in Embed App Extensions */,
			);
			name = "Embed App Extensions";
			runOnlyForDeploymentPostprocessing = 0;
		};
/* End PBXCopyFilesBuildPhase section */

/* Begin PBXFileReference section */
		7553503720083F3200208E34 /* Message Libs.app */ = {isa = PBXFileReference; explicitFileType = wrapper.application; includeInIndex = 0; path = "Message Libs.app"; sourceTree = BUILT_PRODUCTS_DIR; };
		7553503A20083F3200208E34 /* Assets.xcassets */ = {isa = PBXFileReference; lastKnownFileType = folder.assetcatalog; path = Assets.xcassets; sourceTree = "<group>"; };
		7553503C20083F3200208E34 /* Info.plist */ = {isa = PBXFileReference; lastKnownFileType = text.plist.xml; path = Info.plist; sourceTree = "<group>"; };
		7553504120083F3200208E34 /* Message Libs MessagesExtension.appex */ = {isa = PBXFileReference; explicitFileType = "wrapper.app-extension"; includeInIndex = 0; path = "Message Libs MessagesExtension.appex"; sourceTree = BUILT_PRODUCTS_DIR; };
		7553504620083F3200208E34 /* Messages.framework */ = {isa = PBXFileReference; lastKnownFileType = wrapper.framework; name = Messages.framework; path = System/Library/Frameworks/Messages.framework; sourceTree = SDKROOT; };
		7553504920083F3200208E34 /* MessagesViewController.swift */ = {isa = PBXFileReference; lastKnownFileType = sourcecode.swift; path = MessagesViewController.swift; sourceTree = "<group>"; };
		7553504C20083F3200208E34 /* Base */ = {isa = PBXFileReference; lastKnownFileType = file.storyboard; name = Base; path = Base.lproj/MainInterface.storyboard; sourceTree = "<group>"; };
		7553504E20083F3200208E34 /* Assets.xcassets */ = {isa = PBXFileReference; lastKnownFileType = folder.assetcatalog; path = Assets.xcassets; sourceTree = "<group>"; };
		7553505020083F3200208E34 /* Info.plist */ = {isa = PBXFileReference; lastKnownFileType = text.plist.xml; path = Info.plist; sourceTree = "<group>"; };
/* End PBXFileReference section */

/* Begin PBXFrameworksBuildPhase section */
		7553503E20083F3200208E34 /* Frameworks */ = {
			isa = PBXFrameworksBuildPhase;
			buildActionMask = 2147483647;
			files = (
				7553504720083F3200208E34 /* Messages.framework in Frameworks */,
			);
			runOnlyForDeploymentPostprocessing = 0;
		};
/* End PBXFrameworksBuildPhase section */

/* Begin PBXGroup section */
		7553503020083F3200208E34 = {
			isa = PBXGroup;
			children = (
				7553503920083F3200208E34 /* Message Libs */,
				7553504820083F3200208E34 /* Message Libs MessagesExtension */,
				7553504520083F3200208E34 /* Frameworks */,
				7553503820083F3200208E34 /* Products */,
			);
			sourceTree = "<group>";
		};
		7553503820083F3200208E34 /* Products */ = {
			isa = PBXGroup;
			children = (
				7553503720083F3200208E34 /* Message Libs.app */,
				7553504120083F3200208E34 /* Message Libs MessagesExtension.appex */,
			);
			name = Products;
			sourceTree = "<group>";
		};
		7553503920083F3200208E34 /* Message Libs */ = {
			isa = PBXGroup;
			children = (
				7553503A20083F3200208E34 /* Assets.xcassets */,
				7553503C20083F3200208E34 /* Info.plist */,
			);
			path = "Message Libs";
			sourceTree = "<group>";
		};
		7553504520083F3200208E34 /* Frameworks */ = {
			isa = PBXGroup;
			children = (
				7553504620083F3200208E34 /* Messages.framework */,
			);
			name = Frameworks;
			sourceTree = "<group>";
		};
		7553504820083F3200208E34 /* Message Libs MessagesExtension */ = {
			isa = PBXGroup;
			children = (
				7553504920083F3200208E34 /* MessagesViewController.swift */,
				7553504B20083F3200208E34 /* MainInterface.storyboard */,
				7553504E20083F3200208E34 /* Assets.xcassets */,
				7553505020083F3200208E34 /* Info.plist */,
			);
			path = "Message Libs MessagesExtension";
			sourceTree = "<group>";
		};
/* End PBXGroup section */

/* Begin PBXNativeTarget section */
		7553503620083F3200208E34 /* Message Libs */ = {
			isa = PBXNativeTarget;
			buildConfigurationList = 7553505720083F3200208E34 /* Build configuration list for PBXNativeTarget "Message Libs" */;
			buildPhases = (
				7553503520083F3200208E34 /* Resources */,
				7553505620083F3200208E34 /* Embed App Extensions */,
			);
			buildRules = (
			);
			dependencies = (
				7553504420083F3200208E34 /* PBXTargetDependency */,
			);
			name = "Message Libs";
			productName = "Message Libs";
			productReference = 7553503720083F3200208E34 /* Message Libs.app */;
			productType = "com.apple.product-type.application.messages";
		};
		7553504020083F3200208E34 /* Message Libs MessagesExtension */ = {
			isa = PBXNativeTarget;
			buildConfigurationList = 7553505320083F3200208E34 /* Build configuration list for PBXNativeTarget "Message Libs MessagesExtension" */;
			buildPhases = (
				7553503D20083F3200208E34 /* Sources */,
				7553503E20083F3200208E34 /* Frameworks */,
				7553503F20083F3200208E34 /* Resources */,
			);
			buildRules = (
			);
			dependencies = (
			);
			name = "Message Libs MessagesExtension";
			productName = "Message Libs MessagesExtension";
			productReference = 7553504120083F3200208E34 /* Message Libs MessagesExtension.appex */;
			productType = "com.apple.product-type.app-extension.messages";
		};
/* End PBXNativeTarget section */

/* Begin PBXProject section */
		7553503120083F3200208E34 /* Project object */ = {
			isa = PBXProject;
			attributes = {
				LastSwiftUpdateCheck = 0920;
				LastUpgradeCheck = 0920;
				ORGANIZATIONNAME = "Nathan Gelman";
				TargetAttributes = {
					7553503620083F3200208E34 = {
						CreatedOnToolsVersion = 9.2;
						ProvisioningStyle = Automatic;
					};
					7553504020083F3200208E34 = {
						CreatedOnToolsVersion = 9.2;
						ProvisioningStyle = Automatic;
					};
				};
			};
			buildConfigurationList = 7553503420083F3200208E34 /* Build configuration list for PBXProject "Message Libs" */;
			compatibilityVersion = "Xcode 8.0";
			developmentRegion = en;
			hasScannedForEncodings = 0;
			knownRegions = (
				en,
				Base,
			);
			mainGroup = 7553503020083F3200208E34;
			productRefGroup = 7553503820083F3200208E34 /* Products */;
			projectDirPath = "";
			projectRoot = "";
			targets = (
				7553503620083F3200208E34 /* Message Libs */,
				7553504020083F3200208E34 /* Message Libs MessagesExtension */,
			);
		};
/* End PBXProject section */

/* Begin PBXResourcesBuildPhase section */
		7553503520083F3200208E34 /* Resources */ = {
			isa = PBXResourcesBuildPhase;
			buildActionMask = 2147483647;
			files = (
				7553503B20083F3200208E34 /* Assets.xcassets in Resources */,
			);
			runOnlyForDeploymentPostprocessing = 0;
		};
		7553503F20083F3200208E34 /* Resources */ = {
			isa = PBXResourcesBuildPhase;
			buildActionMask = 2147483647;
			files = (
				7553504F20083F3200208E34 /* Assets.xcassets in Resources */,
				7553504D20083F3200208E34 /* MainInterface.storyboard in Resources */,
			);
			runOnlyForDeploymentPostprocessing = 0;
		};
/* End PBXResourcesBuildPhase section */

/* Begin PBXSourcesBuildPhase section */
		7553503D20083F3200208E34 /* Sources */ = {
			isa = PBXSourcesBuildPhase;
			buildActionMask = 2147483647;
			files = (
				7553504A20083F3200208E34 /* MessagesViewController.swift in Sources */,
			);
			runOnlyForDeploymentPostprocessing = 0;
		};
/* End PBXSourcesBuildPhase section */

/* Begin PBXTargetDependency section */
		7553504420083F3200208E34 /* PBXTargetDependency */ = {
			isa = PBXTargetDependency;
			target = 7553504020083F3200208E34 /* Message Libs MessagesExtension */;
			targetProxy = 7553504320083F3200208E34 /* PBXContainerItemProxy */;
		};
/* End PBXTargetDependency section */

/* Begin PBXVariantGroup section */
		7553504B20083F3200208E34 /* MainInterface.storyboard */ = {
			isa = PBXVariantGroup;
			children = (
				7553504C20083F3200208E34 /* Base */,
			);
			name = MainInterface.storyboard;
			sourceTree = "<group>";
		};
/* End PBXVariantGroup section */

/* Begin XCBuildConfiguration section */
		7553505120083F3200208E34 /* Debug */ = {
			isa = XCBuildConfiguration;
			buildSettings = {
				ALWAYS_SEARCH_USER_PATHS = NO;
				CLANG_ANALYZER_NONNULL = YES;
				CLANG_ANALYZER_NUMBER_OBJECT_CONVERSION = YES_AGGRESSIVE;
				CLANG_CXX_LANGUAGE_STANDARD = "gnu++14";
				CLANG_CXX_LIBRARY = "libc++";
				CLANG_ENABLE_MODULES = YES;
				CLANG_ENABLE_OBJC_ARC = YES;
				CLANG_WARN_BLOCK_CAPTURE_AUTORELEASING = YES;
				CLANG_WARN_BOOL_CONVERSION = YES;
				CLANG_WARN_COMMA = YES;
				CLANG_WARN_CONSTANT_CONVERSION = YES;
				CLANG_WARN_DIRECT_OBJC_ISA_USAGE = YES_ERROR;
				CLANG_WARN_DOCUMENTATION_COMMENTS = YES;
				CLANG_WARN_EMPTY_BODY = YES;
				CLANG_WARN_ENUM_CONVERSION = YES;
				CLANG_WARN_INFINITE_RECURSION = YES;
				CLANG_WARN_INT_CONVERSION = YES;
				CLANG_WARN_NON_LITERAL_NULL_CONVERSION = YES;
				CLANG_WARN_OBJC_LITERAL_CONVERSION = YES;
				CLANG_WARN_OBJC_ROOT_CLASS = YES_ERROR;
				CLANG_WARN_RANGE_LOOP_ANALYSIS = YES;
				CLANG_WARN_STRICT_PROTOTYPES = YES;
				CLANG_WARN_SUSPICIOUS_MOVE = YES;
				CLANG_WARN_UNGUARDED_AVAILABILITY = YES_AGGRESSIVE;
				CLANG_WARN_UNREACHABLE_CODE = YES;
				CLANG_WARN__DUPLICATE_METHOD_MATCH = YES;
				CODE_SIGN_IDENTITY = "iPhone Developer";
				COPY_PHASE_STRIP = NO;
				DEBUG_INFORMATION_FORMAT = dwarf;
				ENABLE_STRICT_OBJC_MSGSEND = YES;
				ENABLE_TESTABILITY = YES;
				GCC_C_LANGUAGE_STANDARD = gnu11;
				GCC_DYNAMIC_NO_PIC = NO;
				GCC_NO_COMMON_BLOCKS = YES;
				GCC_OPTIMIZATION_LEVEL = 0;
				GCC_PREPROCESSOR_DEFINITIONS = (
					"DEBUG=1",
					"$(inherited)",
				);
				GCC_WARN_64_TO_32_BIT_CONVERSION = YES;
				GCC_WARN_ABOUT_RETURN_TYPE = YES_ERROR;
				GCC_WARN_UNDECLARED_SELECTOR = YES;
				GCC_WARN_UNINITIALIZED_AUTOS = YES_AGGRESSIVE;
				GCC_WARN_UNUSED_FUNCTION = YES;
				GCC_WARN_UNUSED_VARIABLE = YES;
				IPHONEOS_DEPLOYMENT_TARGET = 11.2;
				MTL_ENABLE_DEBUG_INFO = YES;
				ONLY_ACTIVE_ARCH = YES;
				SDKROOT = iphoneos;
				SWIFT_ACTIVE_COMPILATION_CONDITIONS = DEBUG;
				SWIFT_OPTIMIZATION_LEVEL = "-Onone";
			};
			name = Debug;
		};
		7553505220083F3200208E34 /* Release */ = {
			isa = XCBuildConfiguration;
			buildSettings = {
				ALWAYS_SEARCH_USER_PATHS = NO;
				CLANG_ANALYZER_NONNULL = YES;
				CLANG_ANALYZER_NUMBER_OBJECT_CONVERSION = YES_AGGRESSIVE;
				CLANG_CXX_LANGUAGE_STANDARD = "gnu++14";
				CLANG_CXX_LIBRARY = "libc++";
				CLANG_ENABLE_MODULES = YES;
				CLANG_ENABLE_OBJC_ARC = YES;
				CLANG_WARN_BLOCK_CAPTURE_AUTORELEASING = YES;
				CLANG_WARN_BOOL_CONVERSION = YES;
				CLANG_WARN_COMMA = YES;
				CLANG_WARN_CONSTANT_CONVERSION = YES;
				CLANG_WARN_DIRECT_OBJC_ISA_USAGE = YES_ERROR;
				CLANG_WARN_DOCUMENTATION_COMMENTS = YES;
				CLANG_WARN_EMPTY_BODY = YES;
				CLANG_WARN_ENUM_CONVERSION = YES;
				CLANG_WARN_INFINITE_RECURSION = YES;
				CLANG_WARN_INT_CONVERSION = YES;
				CLANG_WARN_NON_LITERAL_NULL_CONVERSION = YES;
				CLANG_WARN_OBJC_LITERAL_CONVERSION = YES;
				CLANG_WARN_OBJC_ROOT_CLASS = YES_ERROR;
				CLANG_WARN_RANGE_LOOP_ANALYSIS = YES;
				CLANG_WARN_STRICT_PROTOTYPES = YES;
				CLANG_WARN_SUSPICIOUS_MOVE = YES;
				CLANG_WARN_UNGUARDED_AVAILABILITY = YES_AGGRESSIVE;
				CLANG_WARN_UNREACHABLE_CODE = YES;
				CLANG_WARN__DUPLICATE_METHOD_MATCH = YES;
				CODE_SIGN_IDENTITY = "iPhone Developer";
				COPY_PHASE_STRIP = NO;
				DEBUG_INFORMATION_FORMAT = "dwarf-with-dsym";
				ENABLE_NS_ASSERTIONS = NO;
				ENABLE_STRICT_OBJC_MSGSEND = YES;
				GCC_C_LANGUAGE_STANDARD = gnu11;
				GCC_NO_COMMON_BLOCKS = YES;
				GCC_WARN_64_TO_32_BIT_CONVERSION = YES;
				GCC_WARN_ABOUT_RETURN_TYPE = YES_ERROR;
				GCC_WARN_UNDECLARED_SELECTOR = YES;
				GCC_WARN_UNINITIALIZED_AUTOS = YES_AGGRESSIVE;
				GCC_WARN_UNUSED_FUNCTION = YES;
				GCC_WARN_UNUSED_VARIABLE = YES;
				IPHONEOS_DEPLOYMENT_TARGET = 11.2;
				MTL_ENABLE_DEBUG_INFO = NO;
				SDKROOT = iphoneos;
				SWIFT_OPTIMIZATION_LEVEL = "-Owholemodule";
				VALIDATE_PRODUCT = YES;
			};
			name = Release;
		};
		7553505420083F3200208E34 /* Debug */ = {
			isa = XCBuildConfiguration;
			buildSettings = {
				ASSETCATALOG_COMPILER_APPICON_NAME = "iMessage App Icon";
				CODE_SIGN_STYLE = Automatic;
				DEVELOPMENT_TEAM = Y7FVZ8LLL3;
				INFOPLIST_FILE = "Message Libs MessagesExtension/Info.plist";
				LD_RUNPATH_SEARCH_PATHS = "$(inherited) @executable_path/Frameworks @executable_path/../../Frameworks";
				PRODUCT_BUNDLE_IDENTIFIER = "nathangelman.Message-Libs.MessagesExtension";
				PRODUCT_NAME = "$(TARGET_NAME)";
				SKIP_INSTALL = YES;
				SWIFT_VERSION = 4.0;
				TARGETED_DEVICE_FAMILY = "1,2";
			};
			name = Debug;
		};
		7553505520083F3200208E34 /* Release */ = {
			isa = XCBuildConfiguration;
			buildSettings = {
				ASSETCATALOG_COMPILER_APPICON_NAME = "iMessage App Icon";
				CODE_SIGN_STYLE = Automatic;
				DEVELOPMENT_TEAM = Y7FVZ8LLL3;
				INFOPLIST_FILE = "Message Libs MessagesExtension/Info.plist";
				LD_RUNPATH_SEARCH_PATHS = "$(inherited) @executable_path/Frameworks @executable_path/../../Frameworks";
				PRODUCT_BUNDLE_IDENTIFIER = "nathangelman.Message-Libs.MessagesExtension";
				PRODUCT_NAME = "$(TARGET_NAME)";
				SKIP_INSTALL = YES;
				SWIFT_VERSION = 4.0;
				TARGETED_DEVICE_FAMILY = "1,2";
			};
			name = Release;
		};
		7553505820083F3200208E34 /* Debug */ = {
			isa = XCBuildConfiguration;
			buildSettings = {
				ALWAYS_EMBED_SWIFT_STANDARD_LIBRARIES = YES;
				ASSETCATALOG_COMPILER_APPICON_NAME = AppIcon;
				CODE_SIGN_STYLE = Automatic;
				DEVELOPMENT_TEAM = Y7FVZ8LLL3;
				INFOPLIST_FILE = "Message Libs/Info.plist";
				PRODUCT_BUNDLE_IDENTIFIER = "nathangelman.Message-Libs";
				PRODUCT_NAME = "$(TARGET_NAME)";
				SWIFT_VERSION = 4.0;
				TARGETED_DEVICE_FAMILY = "1,2";
			};
			name = Debug;
		};
		7553505920083F3200208E34 /* Release */ = {
			isa = XCBuildConfiguration;
			buildSettings = {
				ALWAYS_EMBED_SWIFT_STANDARD_LIBRARIES = YES;
				ASSETCATALOG_COMPILER_APPICON_NAME = AppIcon;
				CODE_SIGN_STYLE = Automatic;
				DEVELOPMENT_TEAM = Y7FVZ8LLL3;
				INFOPLIST_FILE = "Message Libs/Info.plist";
				PRODUCT_BUNDLE_IDENTIFIER = "nathangelman.Message-Libs";
				PRODUCT_NAME = "$(TARGET_NAME)";
				SWIFT_VERSION = 4.0;
				TARGETED_DEVICE_FAMILY = "1,2";
			};
			name = Release;
		};
/* End XCBuildConfiguration section */

/* Begin XCConfigurationList section */
		7553503420083F3200208E34 /* Build configuration list for PBXProject "Message Libs" */ = {
			isa = XCConfigurationList;
			buildConfigurations = (
				7553505120083F3200208E34 /* Debug */,
				7553505220083F3200208E34 /* Release */,
			);
			defaultConfigurationIsVisible = 0;
			defaultConfigurationName = Release;
		};
		7553505320083F3200208E34 /* Build configuration list for PBXNativeTarget "Message Libs MessagesExtension" */ = {
			isa = XCConfigurationList;
			buildConfigurations = (
				7553505420083F3200208E34 /* Debug */,
				7553505520083F3200208E34 /* Release */,
			);
			defaultConfigurationIsVisible = 0;
			defaultConfigurationName = Release;
		};
		7553505720083F3200208E34 /* Build configuration list for PBXNativeTarget "Message Libs" */ = {
			isa = XCConfigurationList;
			buildConfigurations = (
				7553505820083F3200208E34 /* Debug */,
				7553505920083F3200208E34 /* Release */,
			);
			defaultConfigurationIsVisible = 0;
			defaultConfigurationName = Release;
		};
/* End XCConfigurationList section */
	};
	rootObject = 7553503120083F3200208E34 /* Project object */;
}
